{
  "name": "vscode-feature-locator",
  "version": "1.0.0",
  "lockfileVersion": 2,
  "requires": true,
  "packages": {
    "": {
      "version": "1.0.0",
      "license": "ISC",
      "dependencies": {
        "normalize-for-search": "^2.1.0"
      }
    },
    "node_modules/normalize-for-search": {
      "version": "2.1.0",
      "resolved": "https://registry.npmjs.org/normalize-for-search/-/normalize-for-search-2.1.0.tgz",
      "integrity": "sha512-SL9xv8eEXXQfj7wo4aq/QjgCLzcKSLYAoVcRyaxJPZJkiIlGX579TiuoLWrFSkG6MZfesJ9fRpYcdpYKwckZUw=="
    }
  },
  "dependencies": {
    "normalize-for-search": {
      "version": "2.1.0",
      "resolved": "https://registry.npmjs.org/normalize-for-search/-/normalize-for-search-2.1.0.tgz",
      "integrity": "sha512-SL9xv8eEXXQfj7wo4aq/QjgCLzcKSLYAoVcRyaxJPZJkiIlGX579TiuoLWrFSkG6MZfesJ9fRpYcdpYKwckZUw=="
    }
  }
}
